
Microsoft Visual Studio Solution File, Format Version 12.00
# Visual Studio 16
Project("{FAE04EC0-301F-11D3-BF4B-00C04F79EFBC}") = "Assembly-CSharp", "Assembly-CSharp.csproj", "{4E563ECA-D1D1-2825-0913-484D24A5241D}"
EndProject
Project("{FAE04EC0-301F-11D3-BF4B-00C04F79EFBC}") = "Assembly-CSharp-firstpass", "Assembly-CSharp-firstpass.csproj", "{593DAB37-9CEB-4E54-8AFD-C4C071E2B3B6}"
EndProject
Project("{FAE04EC0-301F-11D3-BF4B-00C04F79EFBC}") = "Assembly-CSharp-Editor-firstpass", "Assembly-CSharp-Editor-firstpass.csproj", "{28C1F2FF-98A1-B6D8-9182-22E5482EB218}"
EndProject
Global
	GlobalSection(SolutionConfigurationPlatforms) = preSolution
		Debug|Any CPU = Debug|Any CPU
		Release|Any CPU = Release|Any CPU
	EndGlobalSection
	GlobalSection(ProjectConfigurationPlatforms) = postSolution
		{4E563ECA-D1D1-2825-0913-484D24A5241D}.Debug|Any CPU.ActiveCfg = Debug|Any CPU
		{4E563ECA-D1D1-2825-0913-484D24A5241D}.Debug|Any CPU.Build.0 = Debug|Any CPU
		{4E563ECA-D1D1-2825-0913-484D24A5241D}.Release|Any CPU.ActiveCfg = Release|Any CPU
		{4E563ECA-D1D1-2825-0913-484D24A5241D}.Release|Any CPU.Build.0 = Release|Any CPU
		{593DAB37-9CEB-4E54-8AFD-C4C071E2B3B6}.Debug|Any CPU.ActiveCfg = Debug|Any CPU
		{593DAB37-9CEB-4E54-8AFD-C4C071E2B3B6}.Debug|Any CPU.Build.0 = Debug|Any CPU
		{593DAB37-9CEB-4E54-8AFD-C4C071E2B3B6}.Release|Any CPU.ActiveCfg = Release|Any CPU
		{593DAB37-9CEB-4E54-8AFD-C4C071E2B3B6}.Release|Any CPU.Build.0 = Release|Any CPU
		{28C1F2FF-98A1-B6D8-9182-22E5482EB218}.Debug|Any CPU.ActiveCfg = Debug|Any CPU
		{28C1F2FF-98A1-B6D8-9182-22E5482EB218}.Debug|Any CPU.Build.0 = Debug|Any CPU
		{28C1F2FF-98A1-B6D8-9182-22E5482EB218}.Release|Any CPU.ActiveCfg = Release|Any CPU
		{28C1F2FF-98A1-B6D8-9182-22E5482EB218}.Release|Any CPU.Build.0 = Release|Any CPU
	EndGlobalSection
	GlobalSection(SolutionProperties) = preSolution
		HideSolutionNode = FALSE
	EndGlobalSection
EndGlobal
